
Microsoft Visual Studio Solution File, Format Version 11.00
# Visual Studio 2010
Project("{FAE04EC0-301F-11D3-BF4B-00C04F79EFBC}") = "3DCube", "3DCube.csproj", "{A90439E3-2C8C-4DE1-B5BA-3219C53FA589}"
EndProject
Global
	GlobalSection(SolutionConfigurationPlatforms) = preSolution
		Debug|Any CPU = Debug|Any CPU
		Release|Any CPU = Release|Any CPU
	EndGlobalSection
	GlobalSection(ProjectConfigurationPlatforms) = postSolution
		{A90439E3-2C8C-4DE1-B5BA-3219C53FA589}.Debug|Any CPU.ActiveCfg = Debug|Any CPU
		{A90439E3-2C8C-4DE1-B5BA-3219C53FA589}.Debug|Any CPU.Build.0 = Debug|Any CPU
		{A90439E3-2C8C-4DE1-B5BA-3219C53FA589}.Release|Any CPU.ActiveCfg = Release|Any CPU
		{A90439E3-2C8C-4DE1-B5BA-3219C53FA589}.Release|Any CPU.Build.0 = Release|Any CPU
	EndGlobalSection
	GlobalSection(SolutionProperties) = preSolution
		HideSolutionNode = FALSE
	EndGlobalSection
EndGlobal
